
Microsoft Visual Studio Solution File, Format Version 12.00
# Visual Studio Version 16
VisualStudioVersion = 16.0.30804.86
MinimumVisualStudioVersion = 10.0.40219.1
Project("{FAE04EC0-301F-11D3-BF4B-00C04F79EFBC}") = "OperationAB", "OperationAB\OperationAB.csproj", "{A0008FF4-0357-49A9-A7F1-7B7C3245C7F9}"
EndProject
Project("{FAE04EC0-301F-11D3-BF4B-00C04F79EFBC}") = "OperationLibrary", "OperationLibrary\OperationLibrary.csproj", "{5C872705-5D66-48D5-813D-7AB8D6B04BEE}"
EndProject
Project("{2150E333-8FDC-42A3-9474-1A3956D46DE8}") = "Solution Items", "Solution Items", "{3DFF627B-E13F-4B8E-9ED0-2540D6ECBC5D}"
EndProject
Project("{FAE04EC0-301F-11D3-BF4B-00C04F79EFBC}") = "OperationAB.Tests", "OperationAB.Tests\OperationAB.Tests.csproj", "{7A3A020D-65A7-4D22-92E0-4B59D8975AF6}"
EndProject
Global
	GlobalSection(SolutionConfigurationPlatforms) = preSolution
		Debug|Any CPU = Debug|Any CPU
		Release|Any CPU = Release|Any CPU
	EndGlobalSection
	GlobalSection(ProjectConfigurationPlatforms) = postSolution
		{A0008FF4-0357-49A9-A7F1-7B7C3245C7F9}.Debug|Any CPU.ActiveCfg = Debug|Any CPU
		{A0008FF4-0357-49A9-A7F1-7B7C3245C7F9}.Debug|Any CPU.Build.0 = Debug|Any CPU
		{A0008FF4-0357-49A9-A7F1-7B7C3245C7F9}.Release|Any CPU.ActiveCfg = Release|Any CPU
		{A0008FF4-0357-49A9-A7F1-7B7C3245C7F9}.Release|Any CPU.Build.0 = Release|Any CPU
		{5C872705-5D66-48D5-813D-7AB8D6B04BEE}.Debug|Any CPU.ActiveCfg = Debug|Any CPU
		{5C872705-5D66-48D5-813D-7AB8D6B04BEE}.Debug|Any CPU.Build.0 = Debug|Any CPU
		{5C872705-5D66-48D5-813D-7AB8D6B04BEE}.Release|Any CPU.ActiveCfg = Release|Any CPU
		{5C872705-5D66-48D5-813D-7AB8D6B04BEE}.Release|Any CPU.Build.0 = Release|Any CPU
		{7A3A020D-65A7-4D22-92E0-4B59D8975AF6}.Debug|Any CPU.ActiveCfg = Debug|Any CPU
		{7A3A020D-65A7-4D22-92E0-4B59D8975AF6}.Debug|Any CPU.Build.0 = Debug|Any CPU
		{7A3A020D-65A7-4D22-92E0-4B59D8975AF6}.Release|Any CPU.ActiveCfg = Release|Any CPU
		{7A3A020D-65A7-4D22-92E0-4B59D8975AF6}.Release|Any CPU.Build.0 = Release|Any CPU
	EndGlobalSection
	GlobalSection(SolutionProperties) = preSolution
		HideSolutionNode = FALSE
	EndGlobalSection
	GlobalSection(NestedProjects) = preSolution
		{A0008FF4-0357-49A9-A7F1-7B7C3245C7F9} = {3DFF627B-E13F-4B8E-9ED0-2540D6ECBC5D}
		{5C872705-5D66-48D5-813D-7AB8D6B04BEE} = {3DFF627B-E13F-4B8E-9ED0-2540D6ECBC5D}
	EndGlobalSection
	GlobalSection(ExtensibilityGlobals) = postSolution
		SolutionGuid = {624D9984-E9ED-4D81-9D97-7396DA6D9FF0}
	EndGlobalSection
EndGlobal
